{
  "name": "NodeJS",
  "lockfileVersion": 3,
  "requires": true,
  "packages": {
    "": {
      "dependencies": {
        "langs": "^2.0.0"
      }
    },
    "node_modules/langs": {
      "version": "2.0.0",
      "resolved": "https://registry.npmjs.org/langs/-/langs-2.0.0.tgz",
      "integrity": "sha512-v4pxOBEQVN1WBTfB1crhTtxzNLZU9HPWgadlwzWKISJtt6Ku/CnpBrwVy+jFv8StjxsPfwPFzO0CMwdZLJ0/BA==",
      "license": "MIT"
    }
  }
}
